
Microsoft Visual Studio Solution File, Format Version 12.00
# Visual Studio Version 16
VisualStudioVersion = 16.0.29009.5
MinimumVisualStudioVersion = 10.0.40219.1
Project("{FAE04EC0-301F-11D3-BF4B-00C04F79EFBC}") = "AIO Visual Installer", "AIO Visual Installer\AIO Visual Installer.csproj", "{5FDEE80B-7BDD-469A-B2CF-4747BE806A9C}"
EndProject
Global
	GlobalSection(SolutionConfigurationPlatforms) = preSolution
		Debug|Any CPU = Debug|Any CPU
		Release|Any CPU = Release|Any CPU
	EndGlobalSection
	GlobalSection(ProjectConfigurationPlatforms) = postSolution
		{5FDEE80B-7BDD-469A-B2CF-4747BE806A9C}.Debug|Any CPU.ActiveCfg = Debug|Any CPU
		{5FDEE80B-7BDD-469A-B2CF-4747BE806A9C}.Debug|Any CPU.Build.0 = Debug|Any CPU
		{5FDEE80B-7BDD-469A-B2CF-4747BE806A9C}.Release|Any CPU.ActiveCfg = Release|Any CPU
		{5FDEE80B-7BDD-469A-B2CF-4747BE806A9C}.Release|Any CPU.Build.0 = Release|Any CPU
	EndGlobalSection
	GlobalSection(SolutionProperties) = preSolution
		HideSolutionNode = FALSE
	EndGlobalSection
	GlobalSection(ExtensibilityGlobals) = postSolution
		SolutionGuid = {C75E6E8D-4FD3-4B77-B551-AE8102602126}
	EndGlobalSection
EndGlobal
